// !$*UTF8*$!
{
	archiveVersion = 1;
	classes = {
	};
	objectVersion = 46;
	objects = {

/* Begin PBXBuildFile section */
		6A2145D31AB0782E002AA51F /* AppDelegate.swift in Sources */ = {isa = PBXBuildFile; fileRef = 6A2145D21AB0782E002AA51F /* AppDelegate.swift */; };
		6A2145D51AB0782E002AA51F /* RecordSoundsViewController.swift in Sources */ = {isa = PBXBuildFile; fileRef = 6A2145D41AB0782E002AA51F /* RecordSoundsViewController.swift */; };
		6A2145D81AB0782E002AA51F /* Main.storyboard in Resources */ = {isa = PBXBuildFile; fileRef = 6A2145D61AB0782E002AA51F /* Main.storyboard */; };
		6A2145DA1AB0782E002AA51F /* Images.xcassets in Resources */ = {isa = PBXBuildFile; fileRef = 6A2145D91AB0782E002AA51F /* Images.xcassets */; };
		6A2145DD1AB0782E002AA51F /* LaunchScreen.xib in Resources */ = {isa = PBXBuildFile; fileRef = 6A2145DB1AB0782E002AA51F /* LaunchScreen.xib */; };
		6A2145E91AB0782E002AA51F /* PitchPerfectTests.swift in Sources */ = {isa = PBXBuildFile; fileRef = 6A2145E81AB0782E002AA51F /* PitchPerfectTests.swift */; };
		6A9460E11AC7664400F863C0 /* RecordedAudio.swift in Sources */ = {isa = PBXBuildFile; fileRef = 6A9460E01AC7664400F863C0 /* RecordedAudio.swift */; };
		6ADBEA3E1AC38F98004FF0B3 /* PlaySoundsViewController.swift in Sources */ = {isa = PBXBuildFile; fileRef = 6ADBEA3D1AC38F98004FF0B3 /* PlaySoundsViewController.swift */; };
/* End PBXBuildFile section */

/* Begin PBXContainerItemProxy section */
		6A2145E31AB0782E002AA51F /* PBXContainerItemProxy */ = {
			isa = PBXContainerItemProxy;
			containerPortal = 6A2145C51AB0782E002AA51F /* Project object */;
			proxyType = 1;
			remoteGlobalIDString = 6A2145CC1AB0782E002AA51F;
			remoteInfo = PitchPerfect;
		};
/* End PBXContainerItemProxy section */

/* Begin PBXFileReference section */
		6A2145CD1AB0782E002AA51F /* PitchPerfect.app */ = {isa = PBXFileReference; explicitFileType = wrapper.application; includeInIndex = 0; path = PitchPerfect.app; sourceTree = BUILT_PRODUCTS_DIR; };
		6A2145D11AB0782E002AA51F /* Info.plist */ = {isa = PBXFileReference; lastKnownFileType = text.plist.xml; path = Info.plist; sourceTree = "<group>"; };
		6A2145D21AB0782E002AA51F /* AppDelegate.swift */ = {isa = PBXFileReference; lastKnownFileType = sourcecode.swift; path = AppDelegate.swift; sourceTree = "<group>"; };
		6A2145D41AB0782E002AA51F /* RecordSoundsViewController.swift */ = {isa = PBXFileReference; lastKnownFileType = sourcecode.swift; path = RecordSoundsViewController.swift; sourceTree = "<group>"; };
		6A2145D71AB0782E002AA51F /* Base */ = {isa = PBXFileReference; lastKnownFileType = file.storyboard; name = Base; path = Base.lproj/Main.storyboard; sourceTree = "<group>"; };
		6A2145D91AB0782E002AA51F /* Images.xcassets */ = {isa = PBXFileReference; lastKnownFileType = folder.assetcatalog; path = Images.xcassets; sourceTree = "<group>"; };
		6A2145DC1AB0782E002AA51F /* Base */ = {isa = PBXFileReference; lastKnownFileType = file.xib; name = Base; path = Base.lproj/LaunchScreen.xib; sourceTree = "<group>"; };
		6A2145E21AB0782E002AA51F /* PitchPerfectTests.xctest */ = {isa = PBXFileReference; explicitFileType = wrapper.cfbundle; includeInIndex = 0; path = PitchPerfectTests.xctest; sourceTree = BUILT_PRODUCTS_DIR; };
		6A2145E71AB0782E002AA51F /* Info.plist */ = {isa = PBXFileReference; lastKnownFileType = text.plist.xml; path = Info.plist; sourceTree = "<group>"; };
		6A2145E81AB0782E002AA51F /* PitchPerfectTests.swift */ = {isa = PBXFileReference; lastKnownFileType = sourcecode.swift; path = PitchPerfectTests.swift; sourceTree = "<group>"; };
		6A9460E01AC7664400F863C0 /* RecordedAudio.swift */ = {isa = PBXFileReference; fileEncoding = 4; lastKnownFileType = sourcecode.swift; path = RecordedAudio.swift; sourceTree = "<group>"; };
		6ADBEA3D1AC38F98004FF0B3 /* PlaySoundsViewController.swift */ = {isa = PBXFileReference; fileEncoding = 4; lastKnownFileType = sourcecode.swift; path = PlaySoundsViewController.swift; sourceTree = "<group>"; };
/* End PBXFileReference section */

/* Begin PBXFrameworksBuildPhase section */
		6A2145CA1AB0782E002AA51F /* Frameworks */ = {
			isa = PBXFrameworksBuildPhase;
			buildActionMask = 2147483647;
			files = (
			);
			runOnlyForDeploymentPostprocessing = 0;
		};
		6A2145DF1AB0782E002AA51F /* Frameworks */ = {
			isa = PBXFrameworksBuildPhase;
			buildActionMask = 2147483647;
			files = (
			);
			runOnlyForDeploymentPostprocessing = 0;
		};
/* End PBXFrameworksBuildPhase section */

/* Begin PBXGroup section */
		6A2145C41AB0782E002AA51F = {
			isa = PBXGroup;
			children = (
				6A2145CF1AB0782E002AA51F /* PitchPerfect */,
				6A2145E51AB0782E002AA51F /* PitchPerfectTests */,
				6A2145CE1AB0782E002AA51F /* Products */,
			);
			sourceTree = "<group>";
		};
		6A2145CE1AB0782E002AA51F /* Products */ = {
			isa = PBXGroup;
			children = (
				6A2145CD1AB0782E002AA51F /* PitchPerfect.app */,
				6A2145E21AB0782E002AA51F /* PitchPerfectTests.xctest */,
			);
			name = Products;
			sourceTree = "<group>";
		};
		6A2145CF1AB0782E002AA51F /* PitchPerfect */ = {
			isa = PBXGroup;
			children = (
				6A2145D21AB0782E002AA51F /* AppDelegate.swift */,
				6A2145D41AB0782E002AA51F /* RecordSoundsViewController.swift */,
				6A2145D61AB0782E002AA51F /* Main.storyboard */,
				6A9460E01AC7664400F863C0 /* RecordedAudio.swift */,
				6ADBEA3D1AC38F98004FF0B3 /* PlaySoundsViewController.swift */,
				6A2145D91AB0782E002AA51F /* Images.xcassets */,
				6A2145DB1AB0782E002AA51F /* LaunchScreen.xib */,
				6A2145D01AB0782E002AA51F /* Supporting Files */,
			);
			path = PitchPerfect;
			sourceTree = "<group>";
		};
		6A2145D01AB0782E002AA51F /* Supporting Files */ = {
			isa = PBXGroup;
			children = (
				6A2145D11AB0782E002AA51F /* Info.plist */,
			);
			name = "Supporting Files";
			sourceTree = "<group>";
		};
		6A2145E51AB0782E002AA51F /* PitchPerfectTests */ = {
			isa = PBXGroup;
			children = (
				6A2145E81AB0782E002AA51F /* PitchPerfectTests.swift */,
				6A2145E61AB0782E002AA51F /* Supporting Files */,
			);
			path = PitchPerfectTests;
			sourceTree = "<group>";
		};
		6A2145E61AB0782E002AA51F /* Supporting Files */ = {
			isa = PBXGroup;
			children = (
				6A2145E71AB0782E002AA51F /* Info.plist */,
			);
			name = "Supporting Files";
			sourceTree = "<group>";
		};
/* End PBXGroup section */

/* Begin PBXNativeTarget section */
		6A2145CC1AB0782E002AA51F /* PitchPerfect */ = {
			isa = PBXNativeTarget;
			buildConfigurationList = 6A2145EC1AB0782E002AA51F /* Build configuration list for PBXNativeTarget "PitchPerfect" */;
			buildPhases = (
				6A2145C91AB0782E002AA51F /* Sources */,
				6A2145CA1AB0782E002AA51F /* Frameworks */,
				6A2145CB1AB0782E002AA51F /* Resources */,
			);
			buildRules = (
			);
			dependencies = (
			);
			name = PitchPerfect;
			productName = PitchPerfect;
			productReference = 6A2145CD1AB0782E002AA51F /* PitchPerfect.app */;
			productType = "com.apple.product-type.application";
		};
		6A2145E11AB0782E002AA51F /* PitchPerfectTests */ = {
			isa = PBXNativeTarget;
			buildConfigurationList = 6A2145EF1AB0782E002AA51F /* Build configuration list for PBXNativeTarget "PitchPerfectTests" */;
			buildPhases = (
				6A2145DE1AB0782E002AA51F /* Sources */,
				6A2145DF1AB0782E002AA51F /* Frameworks */,
				6A2145E01AB0782E002AA51F /* Resources */,
			);
			buildRules = (
			);
			dependencies = (
				6A2145E41AB0782E002AA51F /* PBXTargetDependency */,
			);
			name = PitchPerfectTests;
			productName = PitchPerfectTests;
			productReference = 6A2145E21AB0782E002AA51F /* PitchPerfectTests.xctest */;
			productType = "com.apple.product-type.bundle.unit-test";
		};
/* End PBXNativeTarget section */

/* Begin PBXProject section */
		6A2145C51AB0782E002AA51F /* Project object */ = {
			isa = PBXProject;
			attributes = {
				LastUpgradeCheck = 0610;
				ORGANIZATIONNAME = "Emergent Ink";
				TargetAttributes = {
					6A2145CC1AB0782E002AA51F = {
						CreatedOnToolsVersion = 6.1.1;
						DevelopmentTeam = B4DAFLJQK9;
					};
					6A2145E11AB0782E002AA51F = {
						CreatedOnToolsVersion = 6.1.1;
						TestTargetID = 6A2145CC1AB0782E002AA51F;
					};
				};
			};
			buildConfigurationList = 6A2145C81AB0782E002AA51F /* Build configuration list for PBXProject "PitchPerfect" */;
			compatibilityVersion = "Xcode 3.2";
			developmentRegion = English;
			hasScannedForEncodings = 0;
			knownRegions = (
				en,
				Base,
			);
			mainGroup = 6A2145C41AB0782E002AA51F;
			productRefGroup = 6A2145CE1AB0782E002AA51F /* Products */;
			projectDirPath = "";
			projectRoot = "";
			targets = (
				6A2145CC1AB0782E002AA51F /* PitchPerfect */,
				6A2145E11AB0782E002AA51F /* PitchPerfectTests */,
			);
		};
/* End PBXProject section */

/* Begin PBXResourcesBuildPhase section */
		6A2145CB1AB0782E002AA51F /* Resources */ = {
			isa = PBXResourcesBuildPhase;
			buildActionMask = 2147483647;
			files = (
				6A2145D81AB0782E002AA51F /* Main.storyboard in Resources */,
				6A2145DD1AB0782E002AA51F /* LaunchScreen.xib in Resources */,
				6A2145DA1AB0782E002AA51F /* Images.xcassets in Resources */,
			);
			runOnlyForDeploymentPostprocessing = 0;
		};
		6A2145E01AB0782E002AA51F /* Resources */ = {
			isa = PBXResourcesBuildPhase;
			buildActionMask = 2147483647;
			files = (
			);
			runOnlyForDeploymentPostprocessing = 0;
		};
/* End PBXResourcesBuildPhase section */

/* Begin PBXSourcesBuildPhase section */
		6A2145C91AB0782E002AA51F /* Sources */ = {
			isa = PBXSourcesBuildPhase;
			buildActionMask = 2147483647;
			files = (
				6A9460E11AC7664400F863C0 /* RecordedAudio.swift in Sources */,
				6A2145D51AB0782E002AA51F /* RecordSoundsViewController.swift in Sources */,
				6ADBEA3E1AC38F98004FF0B3 /* PlaySoundsViewController.swift in Sources */,
				6A2145D31AB0782E002AA51F /* AppDelegate.swift in Sources */,
			);
			runOnlyForDeploymentPostprocessing = 0;
		};
		6A2145DE1AB0782E002AA51F /* Sources */ = {
			isa = PBXSourcesBuildPhase;
			buildActionMask = 2147483647;
			files = (
				6A2145E91AB0782E002AA51F /* PitchPerfectTests.swift in Sources */,
			);
			runOnlyForDeploymentPostprocessing = 0;
		};
/* End PBXSourcesBuildPhase section */

/* Begin PBXTargetDependency section */
		6A2145E41AB0782E002AA51F /* PBXTargetDependency */ = {
			isa = PBXTargetDependency;
			target = 6A2145CC1AB0782E002AA51F /* PitchPerfect */;
			targetProxy = 6A2145E31AB0782E002AA51F /* PBXContainerItemProxy */;
		};
/* End PBXTargetDependency section */

/* Begin PBXVariantGroup section */
		6A2145D61AB0782E002AA51F /* Main.storyboard */ = {
			isa = PBXVariantGroup;
			children = (
				6A2145D71AB0782E002AA51F /* Base */,
			);
			name = Main.storyboard;
			sourceTree = "<group>";
		};
		6A2145DB1AB0782E002AA51F /* LaunchScreen.xib */ = {
			isa = PBXVariantGroup;
			children = (
				6A2145DC1AB0782E002AA51F /* Base */,
			);
			name = LaunchScreen.xib;
			sourceTree = "<group>";
		};
/* End PBXVariantGroup section */

/* Begin XCBuildConfiguration section */
		6A2145EA1AB0782E002AA51F /* Debug */ = {
			isa = XCBuildConfiguration;
			buildSettings = {
				ALWAYS_SEARCH_USER_PATHS = NO;
				CLANG_CXX_LANGUAGE_STANDARD = "gnu++0x";
				CLANG_CXX_LIBRARY = "libc++";
				CLANG_ENABLE_MODULES = YES;
				CLANG_ENABLE_OBJC_ARC = YES;
				CLANG_WARN_BOOL_CONVERSION = YES;
				CLANG_WARN_CONSTANT_CONVERSION = YES;
				CLANG_WARN_DIRECT_OBJC_ISA_USAGE = YES_ERROR;
				CLANG_WARN_EMPTY_BODY = YES;
				CLANG_WARN_ENUM_CONVERSION = YES;
				CLANG_WARN_INT_CONVERSION = YES;
				CLANG_WARN_OBJC_ROOT_CLASS = YES_ERROR;
				CLANG_WARN_UNREACHABLE_CODE = YES;
				CLANG_WARN__DUPLICATE_METHOD_MATCH = YES;
				"CODE_SIGN_IDENTITY[sdk=iphoneos*]" = "iPhone Developer";
				COPY_PHASE_STRIP = NO;
				ENABLE_STRICT_OBJC_MSGSEND = YES;
				GCC_C_LANGUAGE_STANDARD = gnu99;
				GCC_DYNAMIC_NO_PIC = NO;
				GCC_OPTIMIZATION_LEVEL = 0;
				GCC_PREPROCESSOR_DEFINITIONS = (
					"DEBUG=1",
					"$(inherited)",
				);
				GCC_SYMBOLS_PRIVATE_EXTERN = NO;
				GCC_WARN_64_TO_32_BIT_CONVERSION = YES;
				GCC_WARN_ABOUT_RETURN_TYPE = YES_ERROR;
				GCC_WARN_UNDECLARED_SELECTOR = YES;
				GCC_WARN_UNINITIALIZED_AUTOS = YES_AGGRESSIVE;
				GCC_WARN_UNUSED_FUNCTION = YES;
				GCC_WARN_UNUSED_VARIABLE = YES;
				IPHONEOS_DEPLOYMENT_TARGET = 8.1;
				MTL_ENABLE_DEBUG_INFO = YES;
				ONLY_ACTIVE_ARCH = YES;
				SDKROOT = iphoneos;
				SWIFT_OPTIMIZATION_LEVEL = "-Onone";
			};
			name = Debug;
		};
		6A2145EB1AB0782E002AA51F /* Release */ = {
			isa = XCBuildConfiguration;
			buildSettings = {
				ALWAYS_SEARCH_USER_PATHS = NO;
				CLANG_CXX_LANGUAGE_STANDARD = "gnu++0x";
				CLANG_CXX_LIBRARY = "libc++";
				CLANG_ENABLE_MODULES = YES;
				CLANG_ENABLE_OBJC_ARC = YES;
				CLANG_WARN_BOOL_CONVERSION = YES;
				CLANG_WARN_CONSTANT_CONVERSION = YES;
				CLANG_WARN_DIRECT_OBJC_ISA_USAGE = YES_ERROR;
				CLANG_WARN_EMPTY_BODY = YES;
				CLANG_WARN_ENUM_CONVERSION = YES;
				CLANG_WARN_INT_CONVERSION = YES;
				CLANG_WARN_OBJC_ROOT_CLASS = YES_ERROR;
				CLANG_WARN_UNREACHABLE_CODE = YES;
				CLANG_WARN__DUPLICATE_METHOD_MATCH = YES;
				"CODE_SIGN_IDENTITY[sdk=iphoneos*]" = "iPhone Developer";
				COPY_PHASE_STRIP = YES;
				ENABLE_NS_ASSERTIONS = NO;
				ENABLE_STRICT_OBJC_MSGSEND = YES;
				GCC_C_LANGUAGE_STANDARD = gnu99;
				GCC_WARN_64_TO_32_BIT_CONVERSION = YES;
				GCC_WARN_ABOUT_RETURN_TYPE = YES_ERROR;
				GCC_WARN_UNDECLARED_SELECTOR = YES;
				GCC_WARN_UNINITIALIZED_AUTOS = YES_AGGRESSIVE;
				GCC_WARN_UNUSED_FUNCTION = YES;
				GCC_WARN_UNUSED_VARIABLE = YES;
				IPHONEOS_DEPLOYMENT_TARGET = 8.1;
				MTL_ENABLE_DEBUG_INFO = NO;
				SDKROOT = iphoneos;
				VALIDATE_PRODUCT = YES;
			};
			name = Release;
		};
		6A2145ED1AB0782E002AA51F /* Debug */ = {
			isa = XCBuildConfiguration;
			buildSettings = {
				ASSETCATALOG_COMPILER_APPICON_NAME = AppIcon;
				CODE_SIGN_IDENTITY = "iPhone Developer";
				"CODE_SIGN_IDENTITY[sdk=iphoneos*]" = "iPhone Developer";
				INFOPLIST_FILE = PitchPerfect/Info.plist;
				LD_RUNPATH_SEARCH_PATHS = "$(inherited) @executable_path/Frameworks";
				PRODUCT_NAME = "$(TARGET_NAME)";
				PROVISIONING_PROFILE = "";
			};
			name = Debug;
		};
		6A2145EE1AB0782E002AA51F /* Release */ = {
			isa = XCBuildConfiguration;
			buildSettings = {
				ASSETCATALOG_COMPILER_APPICON_NAME = AppIcon;
				CODE_SIGN_IDENTITY = "iPhone Developer";
				"CODE_SIGN_IDENTITY[sdk=iphoneos*]" = "iPhone Developer";
				INFOPLIST_FILE = PitchPerfect/Info.plist;
				LD_RUNPATH_SEARCH_PATHS = "$(inherited) @executable_path/Frameworks";
				PRODUCT_NAME = "$(TARGET_NAME)";
				PROVISIONING_PROFILE = "";
			};
			name = Release;
		};
		6A2145F01AB0782E002AA51F /* Debug */ = {
			isa = XCBuildConfiguration;
			buildSettings = {
				BUNDLE_LOADER = "$(TEST_HOST)";
				FRAMEWORK_SEARCH_PATHS = (
					"$(SDKROOT)/Developer/Library/Frameworks",
					"$(inherited)",
				);
				GCC_PREPROCESSOR_DEFINITIONS = (
					"DEBUG=1",
					"$(inherited)",
				);
				INFOPLIST_FILE = PitchPerfectTests/Info.plist;
				LD_RUNPATH_SEARCH_PATHS = "$(inherited) @executable_path/Frameworks @loader_path/Frameworks";
				PRODUCT_NAME = "$(TARGET_NAME)";
				TEST_HOST = "$(BUILT_PRODUCTS_DIR)/PitchPerfect.app/PitchPerfect";
			};
			name = Debug;
		};
		6A2145F11AB0782E002AA51F /* Release */ = {
			isa = XCBuildConfiguration;
			buildSettings = {
				BUNDLE_LOADER = "$(TEST_HOST)";
				FRAMEWORK_SEARCH_PATHS = (
					"$(SDKROOT)/Developer/Library/Frameworks",
					"$(inherited)",
				);
				INFOPLIST_FILE = PitchPerfectTests/Info.plist;
				LD_RUNPATH_SEARCH_PATHS = "$(inherited) @executable_path/Frameworks @loader_path/Frameworks";
				PRODUCT_NAME = "$(TARGET_NAME)";
				TEST_HOST = "$(BUILT_PRODUCTS_DIR)/PitchPerfect.app/PitchPerfect";
			};
			name = Release;
		};
/* End XCBuildConfiguration section */

/* Begin XCConfigurationList section */
		6A2145C81AB0782E002AA51F /* Build configuration list for PBXProject "PitchPerfect" */ = {
			isa = XCConfigurationList;
			buildConfigurations = (
				6A2145EA1AB0782E002AA51F /* Debug */,
				6A2145EB1AB0782E002AA51F /* Release */,
			);
			defaultConfigurationIsVisible = 0;
			defaultConfigurationName = Release;
		};
		6A2145EC1AB0782E002AA51F /* Build configuration list for PBXNativeTarget "PitchPerfect" */ = {
			isa = XCConfigurationList;
			buildConfigurations = (
				6A2145ED1AB0782E002AA51F /* Debug */,
				6A2145EE1AB0782E002AA51F /* Release */,
			);
			defaultConfigurationIsVisible = 0;
			defaultConfigurationName = Release;
		};
		6A2145EF1AB0782E002AA51F /* Build configuration list for PBXNativeTarget "PitchPerfectTests" */ = {
			isa = XCConfigurationList;
			buildConfigurations = (
				6A2145F01AB0782E002AA51F /* Debug */,
				6A2145F11AB0782E002AA51F /* Release */,
			);
			defaultConfigurationIsVisible = 0;
			defaultConfigurationName = Release;
		};
/* End XCConfigurationList section */
	};
	rootObject = 6A2145C51AB0782E002AA51F /* Project object */;
}
